dependencies:
  atanisoft/esp_lcd_touch_xpt2046:
    component_hash: 94c1d199922bc7468b5e14912ab0eb053a4a5a25680ce8a4ca2f4f18febbb01a
    dependencies:
    - name: idf
      require: private
      version: '>=4.4'
    - name: espressif/esp_lcd_touch
      registry_url: https://components.espressif.com
      require: private
      version: '>=1.0.4'
    source:
      registry_url: https://components.espressif.com/
      type: service
    version: 1.0.5
  espressif/cmake_utilities:
    component_hash: 351350613ceafba240b761b4ea991e0f231ac7a9f59a9ee901f751bddc0bb18f
    dependencies:
    - name: idf
      require: private
      version: '>=4.1'
    source:
      registry_url: https://components.espressif.com
      type: service
    version: 0.5.3
  espressif/esp_lcd_ili9341:
    component_hash: 31f1b793aa2110dd2ae071c21ccbff0a4eb20d9a4ee40b6294c0dc0ad9552c4e
    dependencies:
    - name: idf
      require: private
      version: '>=4.4'
    - name: espressif/cmake_utilities
      registry_url: https://components.espressif.com
      require: private
      version: 0.*
    source:
      registry_url: https://components.espressif.com/
      type: service
    version: 1.2.0
  espressif/esp_lcd_touch:
    component_hash: 779b4ba2464a3ae85681e4b860caa5fdc35801458c23f3039ee761bae7f442a4
    dependencies:
    - name: idf
      require: private
      version: '>=4.4.2'
    source:
      registry_url: https://components.espressif.com
      type: service
    version: 1.1.2
  idf:
    source:
      type: idf
    version: 5.3.2
  lvgl/lvgl:
    component_hash: d7c1ac037ae6e85d94897f807d6e7ba0946a83e720074fc95a4f6241da9f9f53
    dependencies: []
    source:
      registry_url: https://components.espressif.com/
      type: service
    version: 8.4.0
direct_dependencies:
- atanisoft/esp_lcd_touch_xpt2046
- espressif/esp_lcd_ili9341
- lvgl/lvgl
manifest_hash: 9663f1dc04ec88482ade5d1b1d0d39b19dbeb397d89f62f7d04130e521766463
target: esp32
version: 2.0.0
